
Microsoft Visual Studio Solution File, Format Version 12.00
# Visual Studio 15
VisualStudioVersion = 15.0.28307.136
MinimumVisualStudioVersion = 10.0.40219.1
Project("{FAE04EC0-301F-11D3-BF4B-00C04F79EFBC}") = "ProductService", "ProductService\ProductService.csproj", "{F7115B33-BE9E-47D7-A3E7-942637B19523}"
EndProject
Project("{FAE04EC0-301F-11D3-BF4B-00C04F79EFBC}") = "ProductRepository", "ProductRepository\ProductRepository.csproj", "{B2D0D2EF-0A15-4E0A-83C1-E5BAB742F82F}"
EndProject
Project("{FAE04EC0-301F-11D3-BF4B-00C04F79EFBC}") = "ProductDataTransferObjects", "ProductDataTransferObjects\ProductDataTransferObjects.csproj", "{AB5EF6E5-4806-42C9-BEAD-D00B48740645}"
EndProject
Project("{FAE04EC0-301F-11D3-BF4B-00C04F79EFBC}") = "ProductServiceTests", "ProductServiceTests\ProductServiceTests.csproj", "{520A0837-A802-4170-A8F5-0EB492C85E12}"
EndProject
Global
	GlobalSection(SolutionConfigurationPlatforms) = preSolution
		Debug|Any CPU = Debug|Any CPU
		Release|Any CPU = Release|Any CPU
	EndGlobalSection
	GlobalSection(ProjectConfigurationPlatforms) = postSolution
		{F7115B33-BE9E-47D7-A3E7-942637B19523}.Debug|Any CPU.ActiveCfg = Debug|Any CPU
		{F7115B33-BE9E-47D7-A3E7-942637B19523}.Debug|Any CPU.Build.0 = Debug|Any CPU
		{F7115B33-BE9E-47D7-A3E7-942637B19523}.Release|Any CPU.ActiveCfg = Release|Any CPU
		{F7115B33-BE9E-47D7-A3E7-942637B19523}.Release|Any CPU.Build.0 = Release|Any CPU
		{B2D0D2EF-0A15-4E0A-83C1-E5BAB742F82F}.Debug|Any CPU.ActiveCfg = Debug|Any CPU
		{B2D0D2EF-0A15-4E0A-83C1-E5BAB742F82F}.Debug|Any CPU.Build.0 = Debug|Any CPU
		{B2D0D2EF-0A15-4E0A-83C1-E5BAB742F82F}.Release|Any CPU.ActiveCfg = Release|Any CPU
		{B2D0D2EF-0A15-4E0A-83C1-E5BAB742F82F}.Release|Any CPU.Build.0 = Release|Any CPU
		{AB5EF6E5-4806-42C9-BEAD-D00B48740645}.Debug|Any CPU.ActiveCfg = Debug|Any CPU
		{AB5EF6E5-4806-42C9-BEAD-D00B48740645}.Debug|Any CPU.Build.0 = Debug|Any CPU
		{AB5EF6E5-4806-42C9-BEAD-D00B48740645}.Release|Any CPU.ActiveCfg = Release|Any CPU
		{AB5EF6E5-4806-42C9-BEAD-D00B48740645}.Release|Any CPU.Build.0 = Release|Any CPU
		{520A0837-A802-4170-A8F5-0EB492C85E12}.Debug|Any CPU.ActiveCfg = Debug|Any CPU
		{520A0837-A802-4170-A8F5-0EB492C85E12}.Debug|Any CPU.Build.0 = Debug|Any CPU
		{520A0837-A802-4170-A8F5-0EB492C85E12}.Release|Any CPU.ActiveCfg = Release|Any CPU
		{520A0837-A802-4170-A8F5-0EB492C85E12}.Release|Any CPU.Build.0 = Release|Any CPU
	EndGlobalSection
	GlobalSection(SolutionProperties) = preSolution
		HideSolutionNode = FALSE
	EndGlobalSection
	GlobalSection(ExtensibilityGlobals) = postSolution
		SolutionGuid = {64403556-A973-4AC8-8DF8-E447BFE5AA10}
	EndGlobalSection
EndGlobal
